
Microsoft Visual Studio Solution File, Format Version 12.00
# Visual Studio Version 17
VisualStudioVersion = 17.4.33205.214
MinimumVisualStudioVersion = 10.0.40219.1
Project("{FAE04EC0-301F-11D3-BF4B-00C04F79EFBC}") = "WebPostgreSQL", "WebPostgreSQL\WebPostgreSQL.csproj", "{74148263-EA78-4D26-A4BC-7BCA0F186328}"
EndProject
Global
	GlobalSection(SolutionConfigurationPlatforms) = preSolution
		Debug|Any CPU = Debug|Any CPU
		Release|Any CPU = Release|Any CPU
	EndGlobalSection
	GlobalSection(ProjectConfigurationPlatforms) = postSolution
		{74148263-EA78-4D26-A4BC-7BCA0F186328}.Debug|Any CPU.ActiveCfg = Debug|Any CPU
		{74148263-EA78-4D26-A4BC-7BCA0F186328}.Debug|Any CPU.Build.0 = Debug|Any CPU
		{74148263-EA78-4D26-A4BC-7BCA0F186328}.Release|Any CPU.ActiveCfg = Release|Any CPU
		{74148263-EA78-4D26-A4BC-7BCA0F186328}.Release|Any CPU.Build.0 = Release|Any CPU
	EndGlobalSection
	GlobalSection(SolutionProperties) = preSolution
		HideSolutionNode = FALSE
	EndGlobalSection
	GlobalSection(ExtensibilityGlobals) = postSolution
		SolutionGuid = {EC8C42DD-C539-4AD1-BAEB-C6D8D6F95274}
	EndGlobalSection
EndGlobal
